// !$*UTF8*$!
{
	archiveVersion = 1;
	classes = {
	};
	objectVersion = 46;
	objects = {

/* Begin PBXBuildFile section */
		9F8AF9F91AC4F63500214A15 /* main.m in Sources */ = {isa = PBXBuildFile; fileRef = 9F8AF9F81AC4F63500214A15 /* main.m */; };
		9F8AF9FC1AC4F63500214A15 /* AppDelegate.m in Sources */ = {isa = PBXBuildFile; fileRef = 9F8AF9FB1AC4F63500214A15 /* AppDelegate.m */; };
		9F8AF9FF1AC4F63500214A15 /* ViewController.m in Sources */ = {isa = PBXBuildFile; fileRef = 9F8AF9FE1AC4F63500214A15 /* ViewController.m */; };
		9F8AFA021AC4F63500214A15 /* Main.storyboard in Resources */ = {isa = PBXBuildFile; fileRef = 9F8AFA001AC4F63500214A15 /* Main.storyboard */; };
		9F8AFA041AC4F63500214A15 /* Images.xcassets in Resources */ = {isa = PBXBuildFile; fileRef = 9F8AFA031AC4F63500214A15 /* Images.xcassets */; };
		9F8AFA071AC4F63500214A15 /* LaunchScreen.xib in Resources */ = {isa = PBXBuildFile; fileRef = 9F8AFA051AC4F63500214A15 /* LaunchScreen.xib */; };
		9F8AFA131AC4F63500214A15 /* FalldownTests.m in Sources */ = {isa = PBXBuildFile; fileRef = 9F8AFA121AC4F63500214A15 /* FalldownTests.m */; };
/* End PBXBuildFile section */

/* Begin PBXContainerItemProxy section */
		9F8AFA0D1AC4F63500214A15 /* PBXContainerItemProxy */ = {
			isa = PBXContainerItemProxy;
			containerPortal = 9F8AF9EB1AC4F63500214A15 /* Project object */;
			proxyType = 1;
			remoteGlobalIDString = 9F8AF9F21AC4F63500214A15;
			remoteInfo = Falldown;
		};
/* End PBXContainerItemProxy section */

/* Begin PBXFileReference section */
		9F8AF9F31AC4F63500214A15 /* Falldown.app */ = {isa = PBXFileReference; explicitFileType = wrapper.application; includeInIndex = 0; path = Falldown.app; sourceTree = BUILT_PRODUCTS_DIR; };
		9F8AF9F71AC4F63500214A15 /* Info.plist */ = {isa = PBXFileReference; lastKnownFileType = text.plist.xml; path = Info.plist; sourceTree = "<group>"; };
		9F8AF9F81AC4F63500214A15 /* main.m */ = {isa = PBXFileReference; lastKnownFileType = sourcecode.c.objc; path = main.m; sourceTree = "<group>"; };
		9F8AF9FA1AC4F63500214A15 /* AppDelegate.h */ = {isa = PBXFileReference; lastKnownFileType = sourcecode.c.h; path = AppDelegate.h; sourceTree = "<group>"; };
		9F8AF9FB1AC4F63500214A15 /* AppDelegate.m */ = {isa = PBXFileReference; lastKnownFileType = sourcecode.c.objc; path = AppDelegate.m; sourceTree = "<group>"; };
		9F8AF9FD1AC4F63500214A15 /* ViewController.h */ = {isa = PBXFileReference; lastKnownFileType = sourcecode.c.h; path = ViewController.h; sourceTree = "<group>"; };
		9F8AF9FE1AC4F63500214A15 /* ViewController.m */ = {isa = PBXFileReference; lastKnownFileType = sourcecode.c.objc; path = ViewController.m; sourceTree = "<group>"; };
		9F8AFA011AC4F63500214A15 /* Base */ = {isa = PBXFileReference; lastKnownFileType = file.storyboard; name = Base; path = Base.lproj/Main.storyboard; sourceTree = "<group>"; };
		9F8AFA031AC4F63500214A15 /* Images.xcassets */ = {isa = PBXFileReference; lastKnownFileType = folder.assetcatalog; path = Images.xcassets; sourceTree = "<group>"; };
		9F8AFA061AC4F63500214A15 /* Base */ = {isa = PBXFileReference; lastKnownFileType = file.xib; name = Base; path = Base.lproj/LaunchScreen.xib; sourceTree = "<group>"; };
		9F8AFA0C1AC4F63500214A15 /* FalldownTests.xctest */ = {isa = PBXFileReference; explicitFileType = wrapper.cfbundle; includeInIndex = 0; path = FalldownTests.xctest; sourceTree = BUILT_PRODUCTS_DIR; };
		9F8AFA111AC4F63500214A15 /* Info.plist */ = {isa = PBXFileReference; lastKnownFileType = text.plist.xml; path = Info.plist; sourceTree = "<group>"; };
		9F8AFA121AC4F63500214A15 /* FalldownTests.m */ = {isa = PBXFileReference; lastKnownFileType = sourcecode.c.objc; path = FalldownTests.m; sourceTree = "<group>"; };
/* End PBXFileReference section */

/* Begin PBXFrameworksBuildPhase section */
		9F8AF9F01AC4F63500214A15 /* Frameworks */ = {
			isa = PBXFrameworksBuildPhase;
			buildActionMask = 2147483647;
			files = (
			);
			runOnlyForDeploymentPostprocessing = 0;
		};
		9F8AFA091AC4F63500214A15 /* Frameworks */ = {
			isa = PBXFrameworksBuildPhase;
			buildActionMask = 2147483647;
			files = (
			);
			runOnlyForDeploymentPostprocessing = 0;
		};
/* End PBXFrameworksBuildPhase section */

/* Begin PBXGroup section */
		9F8AF9EA1AC4F63500214A15 = {
			isa = PBXGroup;
			children = (
				9F8AF9F51AC4F63500214A15 /* Falldown */,
				9F8AFA0F1AC4F63500214A15 /* FalldownTests */,
				9F8AF9F41AC4F63500214A15 /* Products */,
			);
			sourceTree = "<group>";
		};
		9F8AF9F41AC4F63500214A15 /* Products */ = {
			isa = PBXGroup;
			children = (
				9F8AF9F31AC4F63500214A15 /* Falldown.app */,
				9F8AFA0C1AC4F63500214A15 /* FalldownTests.xctest */,
			);
			name = Products;
			sourceTree = "<group>";
		};
		9F8AF9F51AC4F63500214A15 /* Falldown */ = {
			isa = PBXGroup;
			children = (
				9F8AF9FA1AC4F63500214A15 /* AppDelegate.h */,
				9F8AF9FB1AC4F63500214A15 /* AppDelegate.m */,
				9F8AF9FD1AC4F63500214A15 /* ViewController.h */,
				9F8AF9FE1AC4F63500214A15 /* ViewController.m */,
				9F8AFA001AC4F63500214A15 /* Main.storyboard */,
				9F8AFA031AC4F63500214A15 /* Images.xcassets */,
				9F8AFA051AC4F63500214A15 /* LaunchScreen.xib */,
				9F8AF9F61AC4F63500214A15 /* Supporting Files */,
			);
			path = Falldown;
			sourceTree = "<group>";
		};
		9F8AF9F61AC4F63500214A15 /* Supporting Files */ = {
			isa = PBXGroup;
			children = (
				9F8AF9F71AC4F63500214A15 /* Info.plist */,
				9F8AF9F81AC4F63500214A15 /* main.m */,
			);
			name = "Supporting Files";
			sourceTree = "<group>";
		};
		9F8AFA0F1AC4F63500214A15 /* FalldownTests */ = {
			isa = PBXGroup;
			children = (
				9F8AFA121AC4F63500214A15 /* FalldownTests.m */,
				9F8AFA101AC4F63500214A15 /* Supporting Files */,
			);
			path = FalldownTests;
			sourceTree = "<group>";
		};
		9F8AFA101AC4F63500214A15 /* Supporting Files */ = {
			isa = PBXGroup;
			children = (
				9F8AFA111AC4F63500214A15 /* Info.plist */,
			);
			name = "Supporting Files";
			sourceTree = "<group>";
		};
/* End PBXGroup section */

/* Begin PBXNativeTarget section */
		9F8AF9F21AC4F63500214A15 /* Falldown */ = {
			isa = PBXNativeTarget;
			buildConfigurationList = 9F8AFA161AC4F63500214A15 /* Build configuration list for PBXNativeTarget "Falldown" */;
			buildPhases = (
				9F8AF9EF1AC4F63500214A15 /* Sources */,
				9F8AF9F01AC4F63500214A15 /* Frameworks */,
				9F8AF9F11AC4F63500214A15 /* Resources */,
			);
			buildRules = (
			);
			dependencies = (
			);
			name = Falldown;
			productName = Falldown;
			productReference = 9F8AF9F31AC4F63500214A15 /* Falldown.app */;
			productType = "com.apple.product-type.application";
		};
		9F8AFA0B1AC4F63500214A15 /* FalldownTests */ = {
			isa = PBXNativeTarget;
			buildConfigurationList = 9F8AFA191AC4F63500214A15 /* Build configuration list for PBXNativeTarget "FalldownTests" */;
			buildPhases = (
				9F8AFA081AC4F63500214A15 /* Sources */,
				9F8AFA091AC4F63500214A15 /* Frameworks */,
				9F8AFA0A1AC4F63500214A15 /* Resources */,
			);
			buildRules = (
			);
			dependencies = (
				9F8AFA0E1AC4F63500214A15 /* PBXTargetDependency */,
			);
			name = FalldownTests;
			productName = FalldownTests;
			productReference = 9F8AFA0C1AC4F63500214A15 /* FalldownTests.xctest */;
			productType = "com.apple.product-type.bundle.unit-test";
		};
/* End PBXNativeTarget section */

/* Begin PBXProject section */
		9F8AF9EB1AC4F63500214A15 /* Project object */ = {
			isa = PBXProject;
			attributes = {
				LastUpgradeCheck = 0620;
				ORGANIZATIONNAME = "Neal Wu";
				TargetAttributes = {
					9F8AF9F21AC4F63500214A15 = {
						CreatedOnToolsVersion = 6.2;
					};
					9F8AFA0B1AC4F63500214A15 = {
						CreatedOnToolsVersion = 6.2;
						TestTargetID = 9F8AF9F21AC4F63500214A15;
					};
				};
			};
			buildConfigurationList = 9F8AF9EE1AC4F63500214A15 /* Build configuration list for PBXProject "Falldown" */;
			compatibilityVersion = "Xcode 3.2";
			developmentRegion = English;
			hasScannedForEncodings = 0;
			knownRegions = (
				en,
				Base,
			);
			mainGroup = 9F8AF9EA1AC4F63500214A15;
			productRefGroup = 9F8AF9F41AC4F63500214A15 /* Products */;
			projectDirPath = "";
			projectRoot = "";
			targets = (
				9F8AF9F21AC4F63500214A15 /* Falldown */,
				9F8AFA0B1AC4F63500214A15 /* FalldownTests */,
			);
		};
/* End PBXProject section */

/* Begin PBXResourcesBuildPhase section */
		9F8AF9F11AC4F63500214A15 /* Resources */ = {
			isa = PBXResourcesBuildPhase;
			buildActionMask = 2147483647;
			files = (
				9F8AFA021AC4F63500214A15 /* Main.storyboard in Resources */,
				9F8AFA071AC4F63500214A15 /* LaunchScreen.xib in Resources */,
				9F8AFA041AC4F63500214A15 /* Images.xcassets in Resources */,
			);
			runOnlyForDeploymentPostprocessing = 0;
		};
		9F8AFA0A1AC4F63500214A15 /* Resources */ = {
			isa = PBXResourcesBuildPhase;
			buildActionMask = 2147483647;
			files = (
			);
			runOnlyForDeploymentPostprocessing = 0;
		};
/* End PBXResourcesBuildPhase section */

/* Begin PBXSourcesBuildPhase section */
		9F8AF9EF1AC4F63500214A15 /* Sources */ = {
			isa = PBXSourcesBuildPhase;
			buildActionMask = 2147483647;
			files = (
				9F8AF9FF1AC4F63500214A15 /* ViewController.m in Sources */,
				9F8AF9FC1AC4F63500214A15 /* AppDelegate.m in Sources */,
				9F8AF9F91AC4F63500214A15 /* main.m in Sources */,
			);
			runOnlyForDeploymentPostprocessing = 0;
		};
		9F8AFA081AC4F63500214A15 /* Sources */ = {
			isa = PBXSourcesBuildPhase;
			buildActionMask = 2147483647;
			files = (
				9F8AFA131AC4F63500214A15 /* FalldownTests.m in Sources */,
			);
			runOnlyForDeploymentPostprocessing = 0;
		};
/* End PBXSourcesBuildPhase section */

/* Begin PBXTargetDependency section */
		9F8AFA0E1AC4F63500214A15 /* PBXTargetDependency */ = {
			isa = PBXTargetDependency;
			target = 9F8AF9F21AC4F63500214A15 /* Falldown */;
			targetProxy = 9F8AFA0D1AC4F63500214A15 /* PBXContainerItemProxy */;
		};
/* End PBXTargetDependency section */

/* Begin PBXVariantGroup section */
		9F8AFA001AC4F63500214A15 /* Main.storyboard */ = {
			isa = PBXVariantGroup;
			children = (
				9F8AFA011AC4F63500214A15 /* Base */,
			);
			name = Main.storyboard;
			sourceTree = "<group>";
		};
		9F8AFA051AC4F63500214A15 /* LaunchScreen.xib */ = {
			isa = PBXVariantGroup;
			children = (
				9F8AFA061AC4F63500214A15 /* Base */,
			);
			name = LaunchScreen.xib;
			sourceTree = "<group>";
		};
/* End PBXVariantGroup section */

/* Begin XCBuildConfiguration section */
		9F8AFA141AC4F63500214A15 /* Debug */ = {
			isa = XCBuildConfiguration;
			buildSettings = {
				ALWAYS_SEARCH_USER_PATHS = NO;
				CLANG_CXX_LANGUAGE_STANDARD = "gnu++0x";
				CLANG_CXX_LIBRARY = "libc++";
				CLANG_ENABLE_MODULES = YES;
				CLANG_ENABLE_OBJC_ARC = YES;
				CLANG_WARN_BOOL_CONVERSION = YES;
				CLANG_WARN_CONSTANT_CONVERSION = YES;
				CLANG_WARN_DIRECT_OBJC_ISA_USAGE = YES_ERROR;
				CLANG_WARN_EMPTY_BODY = YES;
				CLANG_WARN_ENUM_CONVERSION = YES;
				CLANG_WARN_INT_CONVERSION = YES;
				CLANG_WARN_OBJC_ROOT_CLASS = YES_ERROR;
				CLANG_WARN_UNREACHABLE_CODE = YES;
				CLANG_WARN__DUPLICATE_METHOD_MATCH = YES;
				"CODE_SIGN_IDENTITY[sdk=iphoneos*]" = "iPhone Developer";
				COPY_PHASE_STRIP = NO;
				ENABLE_STRICT_OBJC_MSGSEND = YES;
				GCC_C_LANGUAGE_STANDARD = gnu99;
				GCC_DYNAMIC_NO_PIC = NO;
				GCC_OPTIMIZATION_LEVEL = 0;
				GCC_PREPROCESSOR_DEFINITIONS = (
					"DEBUG=1",
					"$(inherited)",
				);
				GCC_SYMBOLS_PRIVATE_EXTERN = NO;
				GCC_WARN_64_TO_32_BIT_CONVERSION = YES;
				GCC_WARN_ABOUT_RETURN_TYPE = YES_ERROR;
				GCC_WARN_UNDECLARED_SELECTOR = YES;
				GCC_WARN_UNINITIALIZED_AUTOS = YES_AGGRESSIVE;
				GCC_WARN_UNUSED_FUNCTION = YES;
				GCC_WARN_UNUSED_VARIABLE = YES;
				IPHONEOS_DEPLOYMENT_TARGET = 8.2;
				MTL_ENABLE_DEBUG_INFO = YES;
				ONLY_ACTIVE_ARCH = YES;
				SDKROOT = iphoneos;
			};
			name = Debug;
		};
		9F8AFA151AC4F63500214A15 /* Release */ = {
			isa = XCBuildConfiguration;
			buildSettings = {
				ALWAYS_SEARCH_USER_PATHS = NO;
				CLANG_CXX_LANGUAGE_STANDARD = "gnu++0x";
				CLANG_CXX_LIBRARY = "libc++";
				CLANG_ENABLE_MODULES = YES;
				CLANG_ENABLE_OBJC_ARC = YES;
				CLANG_WARN_BOOL_CONVERSION = YES;
				CLANG_WARN_CONSTANT_CONVERSION = YES;
				CLANG_WARN_DIRECT_OBJC_ISA_USAGE = YES_ERROR;
				CLANG_WARN_EMPTY_BODY = YES;
				CLANG_WARN_ENUM_CONVERSION = YES;
				CLANG_WARN_INT_CONVERSION = YES;
				CLANG_WARN_OBJC_ROOT_CLASS = YES_ERROR;
				CLANG_WARN_UNREACHABLE_CODE = YES;
				CLANG_WARN__DUPLICATE_METHOD_MATCH = YES;
				"CODE_SIGN_IDENTITY[sdk=iphoneos*]" = "iPhone Developer";
				COPY_PHASE_STRIP = NO;
				ENABLE_NS_ASSERTIONS = NO;
				ENABLE_STRICT_OBJC_MSGSEND = YES;
				GCC_C_LANGUAGE_STANDARD = gnu99;
				GCC_WARN_64_TO_32_BIT_CONVERSION = YES;
				GCC_WARN_ABOUT_RETURN_TYPE = YES_ERROR;
				GCC_WARN_UNDECLARED_SELECTOR = YES;
				GCC_WARN_UNINITIALIZED_AUTOS = YES_AGGRESSIVE;
				GCC_WARN_UNUSED_FUNCTION = YES;
				GCC_WARN_UNUSED_VARIABLE = YES;
				IPHONEOS_DEPLOYMENT_TARGET = 8.2;
				MTL_ENABLE_DEBUG_INFO = NO;
				SDKROOT = iphoneos;
				VALIDATE_PRODUCT = YES;
			};
			name = Release;
		};
		9F8AFA171AC4F63500214A15 /* Debug */ = {
			isa = XCBuildConfiguration;
			buildSettings = {
				ASSETCATALOG_COMPILER_APPICON_NAME = AppIcon;
				INFOPLIST_FILE = Falldown/Info.plist;
				LD_RUNPATH_SEARCH_PATHS = "$(inherited) @executable_path/Frameworks";
				PRODUCT_NAME = "$(TARGET_NAME)";
			};
			name = Debug;
		};
		9F8AFA181AC4F63500214A15 /* Release */ = {
			isa = XCBuildConfiguration;
			buildSettings = {
				ASSETCATALOG_COMPILER_APPICON_NAME = AppIcon;
				INFOPLIST_FILE = Falldown/Info.plist;
				LD_RUNPATH_SEARCH_PATHS = "$(inherited) @executable_path/Frameworks";
				PRODUCT_NAME = "$(TARGET_NAME)";
			};
			name = Release;
		};
		9F8AFA1A1AC4F63500214A15 /* Debug */ = {
			isa = XCBuildConfiguration;
			buildSettings = {
				BUNDLE_LOADER = "$(TEST_HOST)";
				FRAMEWORK_SEARCH_PATHS = (
					"$(SDKROOT)/Developer/Library/Frameworks",
					"$(inherited)",
				);
				GCC_PREPROCESSOR_DEFINITIONS = (
					"DEBUG=1",
					"$(inherited)",
				);
				INFOPLIST_FILE = FalldownTests/Info.plist;
				LD_RUNPATH_SEARCH_PATHS = "$(inherited) @executable_path/Frameworks @loader_path/Frameworks";
				PRODUCT_NAME = "$(TARGET_NAME)";
				TEST_HOST = "$(BUILT_PRODUCTS_DIR)/Falldown.app/Falldown";
			};
			name = Debug;
		};
		9F8AFA1B1AC4F63500214A15 /* Release */ = {
			isa = XCBuildConfiguration;
			buildSettings = {
				BUNDLE_LOADER = "$(TEST_HOST)";
				FRAMEWORK_SEARCH_PATHS = (
					"$(SDKROOT)/Developer/Library/Frameworks",
					"$(inherited)",
				);
				INFOPLIST_FILE = FalldownTests/Info.plist;
				LD_RUNPATH_SEARCH_PATHS = "$(inherited) @executable_path/Frameworks @loader_path/Frameworks";
				PRODUCT_NAME = "$(TARGET_NAME)";
				TEST_HOST = "$(BUILT_PRODUCTS_DIR)/Falldown.app/Falldown";
			};
			name = Release;
		};
/* End XCBuildConfiguration section */

/* Begin XCConfigurationList section */
		9F8AF9EE1AC4F63500214A15 /* Build configuration list for PBXProject "Falldown" */ = {
			isa = XCConfigurationList;
			buildConfigurations = (
				9F8AFA141AC4F63500214A15 /* Debug */,
				9F8AFA151AC4F63500214A15 /* Release */,
			);
			defaultConfigurationIsVisible = 0;
			defaultConfigurationName = Release;
		};
		9F8AFA161AC4F63500214A15 /* Build configuration list for PBXNativeTarget "Falldown" */ = {
			isa = XCConfigurationList;
			buildConfigurations = (
				9F8AFA171AC4F63500214A15 /* Debug */,
				9F8AFA181AC4F63500214A15 /* Release */,
			);
			defaultConfigurationIsVisible = 0;
		};
		9F8AFA191AC4F63500214A15 /* Build configuration list for PBXNativeTarget "FalldownTests" */ = {
			isa = XCConfigurationList;
			buildConfigurations = (
				9F8AFA1A1AC4F63500214A15 /* Debug */,
				9F8AFA1B1AC4F63500214A15 /* Release */,
			);
			defaultConfigurationIsVisible = 0;
		};
/* End XCConfigurationList section */
	};
	rootObject = 9F8AF9EB1AC4F63500214A15 /* Project object */;
}
